
Microsoft Visual Studio Solution File, Format Version 12.00
# Visual Studio Version 16
VisualStudioVersion = 16.0.31624.102
MinimumVisualStudioVersion = 10.0.40219.1
Project("{FAE04EC0-301F-11D3-BF4B-00C04F79EFBC}") = "ListadoAlumnos", "ListadoAlumnos.csproj", "{61700D59-7935-4166-8E60-7C784558B9F6}"
EndProject
Global
	GlobalSection(SolutionConfigurationPlatforms) = preSolution
		Debug|Any CPU = Debug|Any CPU
		Release|Any CPU = Release|Any CPU
	EndGlobalSection
	GlobalSection(ProjectConfigurationPlatforms) = postSolution
		{61700D59-7935-4166-8E60-7C784558B9F6}.Debug|Any CPU.ActiveCfg = Debug|Any CPU
		{61700D59-7935-4166-8E60-7C784558B9F6}.Debug|Any CPU.Build.0 = Debug|Any CPU
		{61700D59-7935-4166-8E60-7C784558B9F6}.Release|Any CPU.ActiveCfg = Release|Any CPU
		{61700D59-7935-4166-8E60-7C784558B9F6}.Release|Any CPU.Build.0 = Release|Any CPU
	EndGlobalSection
	GlobalSection(SolutionProperties) = preSolution
		HideSolutionNode = FALSE
	EndGlobalSection
	GlobalSection(ExtensibilityGlobals) = postSolution
		SolutionGuid = {75319487-E1A7-4A16-B9FF-8FD1F75AC3FD}
	EndGlobalSection
EndGlobal
